
Microsoft Visual Studio Solution File, Format Version 12.00
# Visual Studio Version 17
VisualStudioVersion = 17.0.31903.59
MinimumVisualStudioVersion = 10.0.40219.1
Project("{FAE04EC0-301F-11D3-BF4B-00C04F79EFBC}") = "Barbearia.Domain", "Barbearia.Domain\Barbearia.Domain.csproj", "{2C9F8357-55C6-4620-8E73-EF2AB0015A6E}"
EndProject
Project("{FAE04EC0-301F-11D3-BF4B-00C04F79EFBC}") = "Barbearia.Application", "Barbearia.Application\Barbearia.Application.csproj", "{BEDDCAFC-FC82-48B9-9B52-2DCF7272EB50}"
EndProject
Project("{FAE04EC0-301F-11D3-BF4B-00C04F79EFBC}") = "Barbearia.Infrastructure", "Barbearia.Infrastructure\Barbearia.Infrastructure.csproj", "{204AA468-D1FD-4E5D-99DD-13F99289913F}"
EndProject
Project("{FAE04EC0-301F-11D3-BF4B-00C04F79EFBC}") = "Barbearia.API", "Barbearia.API\Barbearia.API.csproj", "{711CFA07-FDBC-4BA0-9194-C17EDF6DFF4D}"
EndProject
Global
	GlobalSection(SolutionConfigurationPlatforms) = preSolution
		Debug|Any CPU = Debug|Any CPU
		Debug|x64 = Debug|x64
		Debug|x86 = Debug|x86
		Release|Any CPU = Release|Any CPU
		Release|x64 = Release|x64
		Release|x86 = Release|x86
	EndGlobalSection
	GlobalSection(ProjectConfigurationPlatforms) = postSolution
		{2C9F8357-55C6-4620-8E73-EF2AB0015A6E}.Debug|Any CPU.ActiveCfg = Debug|Any CPU
		{2C9F8357-55C6-4620-8E73-EF2AB0015A6E}.Debug|Any CPU.Build.0 = Debug|Any CPU
		{2C9F8357-55C6-4620-8E73-EF2AB0015A6E}.Debug|x64.ActiveCfg = Debug|Any CPU
		{2C9F8357-55C6-4620-8E73-EF2AB0015A6E}.Debug|x64.Build.0 = Debug|Any CPU
		{2C9F8357-55C6-4620-8E73-EF2AB0015A6E}.Debug|x86.ActiveCfg = Debug|Any CPU
		{2C9F8357-55C6-4620-8E73-EF2AB0015A6E}.Debug|x86.Build.0 = Debug|Any CPU
		{2C9F8357-55C6-4620-8E73-EF2AB0015A6E}.Release|Any CPU.ActiveCfg = Release|Any CPU
		{2C9F8357-55C6-4620-8E73-EF2AB0015A6E}.Release|Any CPU.Build.0 = Release|Any CPU
		{2C9F8357-55C6-4620-8E73-EF2AB0015A6E}.Release|x64.ActiveCfg = Release|Any CPU
		{2C9F8357-55C6-4620-8E73-EF2AB0015A6E}.Release|x64.Build.0 = Release|Any CPU
		{2C9F8357-55C6-4620-8E73-EF2AB0015A6E}.Release|x86.ActiveCfg = Release|Any CPU
		{2C9F8357-55C6-4620-8E73-EF2AB0015A6E}.Release|x86.Build.0 = Release|Any CPU
		{BEDDCAFC-FC82-48B9-9B52-2DCF7272EB50}.Debug|Any CPU.ActiveCfg = Debug|Any CPU
		{BEDDCAFC-FC82-48B9-9B52-2DCF7272EB50}.Debug|Any CPU.Build.0 = Debug|Any CPU
		{BEDDCAFC-FC82-48B9-9B52-2DCF7272EB50}.Debug|x64.ActiveCfg = Debug|Any CPU
		{BEDDCAFC-FC82-48B9-9B52-2DCF7272EB50}.Debug|x64.Build.0 = Debug|Any CPU
		{BEDDCAFC-FC82-48B9-9B52-2DCF7272EB50}.Debug|x86.ActiveCfg = Debug|Any CPU
		{BEDDCAFC-FC82-48B9-9B52-2DCF7272EB50}.Debug|x86.Build.0 = Debug|Any CPU
		{BEDDCAFC-FC82-48B9-9B52-2DCF7272EB50}.Release|Any CPU.ActiveCfg = Release|Any CPU
		{BEDDCAFC-FC82-48B9-9B52-2DCF7272EB50}.Release|Any CPU.Build.0 = Release|Any CPU
		{BEDDCAFC-FC82-48B9-9B52-2DCF7272EB50}.Release|x64.ActiveCfg = Release|Any CPU
		{BEDDCAFC-FC82-48B9-9B52-2DCF7272EB50}.Release|x64.Build.0 = Release|Any CPU
		{BEDDCAFC-FC82-48B9-9B52-2DCF7272EB50}.Release|x86.ActiveCfg = Release|Any CPU
		{BEDDCAFC-FC82-48B9-9B52-2DCF7272EB50}.Release|x86.Build.0 = Release|Any CPU
		{204AA468-D1FD-4E5D-99DD-13F99289913F}.Debug|Any CPU.ActiveCfg = Debug|Any CPU
		{204AA468-D1FD-4E5D-99DD-13F99289913F}.Debug|Any CPU.Build.0 = Debug|Any CPU
		{204AA468-D1FD-4E5D-99DD-13F99289913F}.Debug|x64.ActiveCfg = Debug|Any CPU
		{204AA468-D1FD-4E5D-99DD-13F99289913F}.Debug|x64.Build.0 = Debug|Any CPU
		{204AA468-D1FD-4E5D-99DD-13F99289913F}.Debug|x86.ActiveCfg = Debug|Any CPU
		{204AA468-D1FD-4E5D-99DD-13F99289913F}.Debug|x86.Build.0 = Debug|Any CPU
		{204AA468-D1FD-4E5D-99DD-13F99289913F}.Release|Any CPU.ActiveCfg = Release|Any CPU
		{204AA468-D1FD-4E5D-99DD-13F99289913F}.Release|Any CPU.Build.0 = Release|Any CPU
		{204AA468-D1FD-4E5D-99DD-13F99289913F}.Release|x64.ActiveCfg = Release|Any CPU
		{204AA468-D1FD-4E5D-99DD-13F99289913F}.Release|x64.Build.0 = Release|Any CPU
		{204AA468-D1FD-4E5D-99DD-13F99289913F}.Release|x86.ActiveCfg = Release|Any CPU
		{204AA468-D1FD-4E5D-99DD-13F99289913F}.Release|x86.Build.0 = Release|Any CPU
		{711CFA07-FDBC-4BA0-9194-C17EDF6DFF4D}.Debug|Any CPU.ActiveCfg = Debug|Any CPU
		{711CFA07-FDBC-4BA0-9194-C17EDF6DFF4D}.Debug|Any CPU.Build.0 = Debug|Any CPU
		{711CFA07-FDBC-4BA0-9194-C17EDF6DFF4D}.Debug|x64.ActiveCfg = Debug|Any CPU
		{711CFA07-FDBC-4BA0-9194-C17EDF6DFF4D}.Debug|x64.Build.0 = Debug|Any CPU
		{711CFA07-FDBC-4BA0-9194-C17EDF6DFF4D}.Debug|x86.ActiveCfg = Debug|Any CPU
		{711CFA07-FDBC-4BA0-9194-C17EDF6DFF4D}.Debug|x86.Build.0 = Debug|Any CPU
		{711CFA07-FDBC-4BA0-9194-C17EDF6DFF4D}.Release|Any CPU.ActiveCfg = Release|Any CPU
		{711CFA07-FDBC-4BA0-9194-C17EDF6DFF4D}.Release|Any CPU.Build.0 = Release|Any CPU
		{711CFA07-FDBC-4BA0-9194-C17EDF6DFF4D}.Release|x64.ActiveCfg = Release|Any CPU
		{711CFA07-FDBC-4BA0-9194-C17EDF6DFF4D}.Release|x64.Build.0 = Release|Any CPU
		{711CFA07-FDBC-4BA0-9194-C17EDF6DFF4D}.Release|x86.ActiveCfg = Release|Any CPU
		{711CFA07-FDBC-4BA0-9194-C17EDF6DFF4D}.Release|x86.Build.0 = Release|Any CPU
	EndGlobalSection
	GlobalSection(SolutionProperties) = preSolution
		HideSolutionNode = FALSE
	EndGlobalSection
EndGlobal
